lockVersion: 2.0.0
id: 6943685a-c58e-447d-864e-771144f9b720
management:
  docChecksum: b78134a4b9138e88b87adae6d9276e53
  docVersion: v1
  speakeasyVersion: 1.796.4
  generationVersion: 2.935.1
  releaseVersion: 0.1.3
  configChecksum: a792ba3f5de224ca4be72b6e51c8d8f8
  repoURL: https://github.com/continuous-labs-ai/continuous-python
  installationURL: https://github.com/continuous-labs-ai/continuous-python.git
  published: true
persistentEdits:
  generation_id: 1aaaa3d3-cac2-4524-8930-6ed457566c0e
  pristine_commit_hash: 93d608fde1233c257951a63dbfafeaa105cbd4d4
  pristine_tree_hash: f63710b8f487dda0f2a03674adf8c6b5f258ed1d
features:
  python:
    additionalDependencies: 1.1.0
    configurableModuleName: 0.2.0
    constsAndDefaults: 1.0.7
    core: 6.1.2
    defaultEnabledRetries: 0.2.0
    devContainers: 3.0.0
    enumUnions: 0.1.1
    envVarSecurityUsage: 0.3.3
    flatRequests: 1.0.1
    flattening: 3.1.1
    globalSecurity: 3.0.7
    globalSecurityCallbacks: 1.0.0
    globalSecurityFlattening: 1.0.0
    globalServerURLs: 3.2.1
    methodArguments: 1.1.1
    multipartFileContentType: 1.0.0
    nullables: 1.0.2
    responseFormat: 1.1.0
    retries: 3.1.2
    sdkHooks: 1.3.0
    uploadStreams: 1.0.3
trackedFiles:
  .devcontainer/README.md:
    id: b170c0f184ac
    last_write_checksum: sha1:ec10d06007a82f9037aeee238eb8175b57141283
    pristine_git_object: 10c677fe7d3f7d032ec3f75b5a38e27c1dfd7d54
  .devcontainer/devcontainer.json:
    id: b34062a34eb1
    last_write_checksum: sha1:94309e8c8eab5ab063986bf625f513a59825e947
    pristine_git_object: 75edff51e68d2934c825764459ba3071044ce2ab
  .devcontainer/setup.sh:
    id: 5f1dfbfeb8eb
    last_write_checksum: sha1:234faaf21a8a7028346590d1eb3fac0429f4991c
    pristine_git_object: b39c28c38cf46135982ab5576b4723ea777bf510
  .vscode/settings.json:
    id: 89aa447020cd
    last_write_checksum: sha1:f84632c81029fcdda8c3b0c768d02b836fc80526
    pristine_git_object: 8d79f0abb72526f1fb34a4c03e5bba612c6ba2ae
  USAGE.md:
    id: 3aed33ce6e6f
    last_write_checksum: sha1:03d2bd220e852c3bb44402f2e0b1c0e6c37ff985
    pristine_git_object: bd986c6e4ab674036d8a45e1442e6d46442663b3
  docs/errors/error.md:
    id: 098e4ba23534
    last_write_checksum: sha1:d164f926b117ae0df40b2060ca9f814eec9a53f2
    pristine_git_object: 4e7788bca6de51758a19d33a03fceed9a02be257
  docs/models/builder.md:
    id: d139f3c17970
    last_write_checksum: sha1:1e0d3abe9a49f14eb6d896ba2179da6a78f0485e
    pristine_git_object: 1243c3105424c4f80100fbdf66fe8431222f6680
  docs/models/buildsimulatorrequest.md:
    id: ec6d01a38d98
    last_write_checksum: sha1:cb79716a24f7ce355f1a01aba83c3e1134ca8572
    pristine_git_object: 6ea5e01f4d304a8d06b8ad7a2ef49b75270f22bc
  docs/models/buildworldrequest.md:
    id: afb04a6b7322
    last_write_checksum: sha1:018c42eb1d0158cb8932b9d9629ed14b06d8d819
    pristine_git_object: 5b0d6f8636f327f5252abed3d2bad132a8817b4d
  docs/models/cancelsimulatorbuildrequest.md:
    id: dc28ce2a7594
    last_write_checksum: sha1:8300037e9cb83ffa669533d78d191a5dac135814
    pristine_git_object: 32e619a07eb4b33f4bd582ccc795be6ec37176ad
  docs/models/cancelworldbuildrequest.md:
    id: 7b2ff19e2cc8
    last_write_checksum: sha1:5e1a95442d3faaa46d8279a557e83e0ce2c16de3
    pristine_git_object: e81b48558071ef4423ca900302b3a7f40fa016f3
  docs/models/createdsimulation.md:
    id: 9f6d7f718545
    last_write_checksum: sha1:aebe7e0156fc14bd6009a68e0b10300ff90eb6cd
    pristine_git_object: ae5a192cc77b4d424e5583f6226b54d9edfcc4be
  docs/models/createdsimulationstatus.md:
    id: b80dc77d7b39
    last_write_checksum: sha1:c88b5a650d0878bd12ba4b01b62a8bbabde3d4ab
    pristine_git_object: 8f50ada4c3b623bc724b1347e7a1f354d2c3fbfa
  docs/models/createsimulationrequest.md:
    id: 0f16b79900a4
    last_write_checksum: sha1:7e15887d12c72fdbec9a981615d9d2bf4cc8f6fe
    pristine_git_object: 3235620420d6031aacce276c65a450544cd7e88c
  docs/models/deletesimulationrequest.md:
    id: 6aac93a9aaa9
    last_write_checksum: sha1:47b0048bcf9c8c9071dbc662183306da9088d556
    pristine_git_object: 921076974b0aa6a519cc2db12bdd1db20591b663
  docs/models/deletesimulatorrequest.md:
    id: 98ab54f57e39
    last_write_checksum: sha1:976cebcb83cf4ec7ff67828b917424c99b161c55
    pristine_git_object: 81b58af10e7afb6753e13a9861c8ac5ed7645e76
  docs/models/deleteworldrequest.md:
    id: 3a882a4e29dd
    last_write_checksum: sha1:3aced3104552b20de27f9e3deeaba1a2d45358bb
    pristine_git_object: 5b49ac20f510d5830d2e5e4bce99615c33e78df6
  docs/models/forksimulationrequest.md:
    id: 8054cc070729
    last_write_checksum: sha1:deb382232070ebd958b5e36ccdb76ec79802213b
    pristine_git_object: ad1ae018eb48cd513a80cc8e1dc2fcf9067e1e3e
  docs/models/forksimulationrequestrequest.md:
    id: a1d511c5c302
    last_write_checksum: sha1:83c4643a55f5d7ca50805849803abf9e77da600a
    pristine_git_object: 1e525a4681b68801507c42c3de629722f8fece1a
  docs/models/getsimulationrequest.md:
    id: f94d76c7e716
    last_write_checksum: sha1:93614d9fa35a58a80e4e6f911b00d2c7f6097d8e
    pristine_git_object: e0140e394f8bd539f4f8e471f987660c885ed999
  docs/models/getsimulatorrequest.md:
    id: 19b572251160
    last_write_checksum: sha1:d28d39d6955447b5a421933845ed5f28237b96b9
    pristine_git_object: 961718f0a585694a6393a0d027839275ce529860
  docs/models/getworldrequest.md:
    id: d46db60a194e
    last_write_checksum: sha1:266e09a0b069b41f7b4024faaff0fdf5bb79f3c0
    pristine_git_object: b77441a59437790054770db1bafe5c40904f326f
  docs/models/listsimulationsrequest.md:
    id: 88da7ffb48ac
    last_write_checksum: sha1:e9ac3453f6fae552731a3f6f8ccb509fe050a0d9
    pristine_git_object: cbaffb48d292a440a9eda2997f3b7f85f4d8f3ba
  docs/models/listsimulationsresponse.md:
    id: 7fc24879a267
    last_write_checksum: sha1:7fb7767ebdaf260fc658188469dec0c614833b66
    pristine_git_object: 79041ed9d98a80b4cfbf0b7d92a960a6e15c4af1
  docs/models/listsimulationsstatus.md:
    id: ff1744a39bed
    last_write_checksum: sha1:08d06b40d0624c4a81101f27c30c1b09f99a9398
    pristine_git_object: 7664777380c678a38c9cfa748b8325c9046b54d2
  docs/models/listsimulationstepsrequest.md:
    id: 2bbea985ad7a
    last_write_checksum: sha1:7ad478a2c08ca80f021b66d4b86c3cf645293658
    pristine_git_object: cb18fa984f410e204a9ae30d15dd128b041c736a
  docs/models/listsimulationstepsresponse.md:
    id: dac46de2bc54
    last_write_checksum: sha1:1d3e9f3f3070682017635c9a297fe686f6e9d503
    pristine_git_object: 163e3a82407838e4e00dc2e37e585e02225cfe7c
  docs/models/listsimulatorsrequest.md:
    id: 0770358fd65e
    last_write_checksum: sha1:ddeaf5c59740176b5f7cf6f18d709b7dadb5d566
    pristine_git_object: ecd66f886a29bd8a9e0ea7c2cf04d2777fbd50ac
  docs/models/listsimulatorsresponse.md:
    id: da9f37c1546b
    last_write_checksum: sha1:3a603df3d2f1d2241c0784d4153c44448d1597a0
    pristine_git_object: 8cbd4557a31b9f388d944fbec9d788b0fa1fc530
  docs/models/listsimulatorsstatus.md:
    id: 64646283e7c9
    last_write_checksum: sha1:52c3eda349c1f712e64a90ea4a2b3f5062694a02
    pristine_git_object: e8e945c4d6c78fa9ca65dd8bb55de7975b1edc1e
  docs/models/listworldsrequest.md:
    id: c676ea8bc9b2
    last_write_checksum: sha1:3f156e8d2a93cdd1d6a01b4183eee2c74f456b40
    pristine_git_object: b0aebcfc0ee0def04f6a414b3c148c18b2019053
  docs/models/listworldsresponse.md:
    id: 7ff1c19e25fe
    last_write_checksum: sha1:0db1b7239420c974a833ead50389b026244467c7
    pristine_git_object: 348da16f0a9cd16a09250e5322118474fbda261a
  docs/models/mintsimulationtokenrequest.md:
    id: 838097ce6f3d
    last_write_checksum: sha1:a649ab9a056174113365f2ae74ab7551dfe77b1e
    pristine_git_object: 413714aacdf81d8659686d3a73ad82c92e7033c6
  docs/models/mintsimulationtokenrequestrequest.md:
    id: 40e14718aadf
    last_write_checksum: sha1:789b938c77e7ba97cb892bbe1ed700e65d1dbbfd
    pristine_git_object: 1335d7114abdd914fe285bc620c0ebd42da41fa4
  docs/models/resourceerror.md:
    id: 99093b395ffe
    last_write_checksum: sha1:2f6703895c10811d2ad1b4675e8c3b31a182e0d7
    pristine_git_object: d7f04898e31c4b0527a88354ad9b151e83f996f7
  docs/models/security.md:
    id: 452e4d4eb67a
    last_write_checksum: sha1:71fdd7bbeb4eccce70c9b87e9631d708571e0f17
    pristine_git_object: 0346db068b3d37366beee9c844a3643d6a332cee
  docs/models/simulation.md:
    id: 9184bd42be0a
    last_write_checksum: sha1:41ba971cf4c9d45cec1f0b5154ccd8f11b074d33
    pristine_git_object: 9758a556d5bc21f8f9100ee06d57a2ab2c7ba343
  docs/models/simulationstatus.md:
    id: 58aaea854489
    last_write_checksum: sha1:6bf274461fcc7b9554ed010fe18c5c38914a7d4d
    pristine_git_object: 84100f7c058c47020a609341add76a3a7713910f
  docs/models/simulationtoken.md:
    id: b6a633d536e1
    last_write_checksum: sha1:096214633edd5e21806eb729ab4c27a2605efcb5
    pristine_git_object: 4e8da4d36d0088bf990d7808a1cd30c0048c9a45
  docs/models/simulator.md:
    id: ee400a6c5eda
    last_write_checksum: sha1:93359bc4389b4d316c2c98d41567e9042280a112
    pristine_git_object: f4b28c3d9e2bf38b5c1add95997cf926c80ed837
  docs/models/simulatorsbuildsimulatorrequest.md:
    id: ac73e14fdb53
    last_write_checksum: sha1:cd28d0ff1411e8e49f868d495105cb8de6a74eaf
    pristine_git_object: f6f3b0f9bc0042bec19ab1cabd0a30d485d77f70
  docs/models/simulatorstatus.md:
    id: cfb7d4a25f8b
    last_write_checksum: sha1:3a976d95c0ef651fc1059f89f728000db3b2c15e
    pristine_git_object: 17a83f5d33d655b4e704bbb4847799456df7f219
  docs/models/source.md:
    id: 6541ef7b41e7
    last_write_checksum: sha1:dff7a5b94051567fe98d17ef4972bfb775386ab0
    pristine_git_object: fdac832cb00f05067a5bb6bcb63c9ed23c8e2cad
  docs/models/spec.md:
    id: a08855025036
    last_write_checksum: sha1:f51a1969965ec0e28ba5def709f9de141024f486
    pristine_git_object: 2e5bd5a39db34f93281d45f38516282393ddbe36
  docs/models/speckind.md:
    id: 0e961368a5cb
    last_write_checksum: sha1:569d8fe8363d8b7cc41a8f06150e289637356354
    pristine_git_object: 49bf137697009dc00173dc510d10d44a19fe22bf
  docs/models/startsimulationrequest.md:
    id: 03d5466c921f
    last_write_checksum: sha1:5cef457b53e8e9bb38a610808fd4a049c84f7d5f
    pristine_git_object: 06d2d4fd5316fb225d6e077fdc1ee3b54f9aef66
  docs/models/startworldrequest.md:
    id: f22f02cbf7c0
    last_write_checksum: sha1:f8edd20553a61510690d3822df2bbfdc76744b61
    pristine_git_object: 3814d0091d9535f366fbd112e48aecd067b09f6b
  docs/models/step.md:
    id: 5550ae854e09
    last_write_checksum: sha1:80f1caebba9cfd1a6ea18823e3093f944e41574e
    pristine_git_object: 98c6d9e4656590bc2c1380a1baef4c6050c29c50
  docs/models/stopsimulationrequest.md:
    id: 4d40203ae074
    last_write_checksum: sha1:4ed81a382109bcb00519a10e19f7d1abcd100a2c
    pristine_git_object: 4decc9eb81eff386282ca106e6fa04dcf3c85fea
  docs/models/stopworldrequest.md:
    id: 56e3f2b15298
    last_write_checksum: sha1:ccaea92401e7fa37c8173de94264835ae9c9c0c1
    pristine_git_object: 388f5a93d374eb012e8c50cbee595fdb42b4c7de
  docs/models/utils/retryconfig.md:
    id: 4343ac43161c
    last_write_checksum: sha1:562c0f21e308ad10c27f85f75704c15592c6929d
    pristine_git_object: 69dd549ec7f5f885101d08dd502e25748183aebf
  docs/models/world.md:
    id: d58530de63e7
    last_write_checksum: sha1:4e063da283c365cf2456ae288bfc84ce9e8a22a5
    pristine_git_object: 943265befd64aacef3d2c4f86f69b95e261a07b5
  docs/models/worldsimulation.md:
    id: 2ec9d67ce3f8
    last_write_checksum: sha1:5b75b230d4dd452704cbed946949c050394a795d
    pristine_git_object: 38e49b294fe7a74a789e87a3db6bae2b1147247d
  docs/models/worldstatus.md:
    id: 1ea78914cd79
    last_write_checksum: sha1:ecc02134226d8e1d3bcce6ebc34ff11b3b817a75
    pristine_git_object: e167060c3e95b14354fa8d76f088a175b7142bff
  docs/sdks/simulations/README.md:
    id: a9e027fcb2b0
    last_write_checksum: sha1:376910e52d066b7eb88f8fcd804fcc620015f754
    pristine_git_object: 82d6212f5937dce3693daec90d4ed9d92af1bcaf
  docs/sdks/simulators/README.md:
    id: 55eacdd8fa62
    last_write_checksum: sha1:a4d938bcd6f954e438a8d6305d5ca0bfa3ba85c8
    pristine_git_object: 491e14f43afac8fdba040eba9dea46d804771391
  docs/sdks/worlds/README.md:
    id: c57d3f2ebb66
    last_write_checksum: sha1:13cfe2b06a73ae7f7157fadc1d19ccca3408b559
    pristine_git_object: c8b1d9b87e0ceb4f2cc832f3ebb2f9b6b239e232
  py.typed:
    id: 258c3ed47ae4
    last_write_checksum: sha1:8efc425ffe830805ffcc0f3055871bdcdc542c60
    pristine_git_object: 3e38f1a929f7d6b1d6de74604aa87e3d8f010544
  pylintrc:
    id: 7ce8b9f946e6
    last_write_checksum: sha1:cb40e5fd2885dcf20f7c572a590b2656efe282a0
    pristine_git_object: c00200cfd072e9febac5d6be783da1925d11dac0
  pyproject.toml:
    id: 5d07e7d72637
    last_write_checksum: sha1:db92cb8fd25c39b029d04b0fa033ce3f24d8bbc6
    pristine_git_object: ab9c694f690f3b114aa93fd9054d22e556c9e69a
  scripts/prepare_readme.py:
    id: e0c5957a6035
    last_write_checksum: sha1:4a23709d33195b609719c45a5e7fceb66b5d6b2f
    pristine_git_object: 839b11baaf93832d77f7d8e20755eb311b8479d7
  scripts/publish.sh:
    id: fe273b08f514
    last_write_checksum: sha1:b290b25b36dca3d5eb1a2e66a2e1bcf2e7326cf3
    pristine_git_object: c35748f360329c2bc370e9b189f49b1a360b2c48
  src/continuous/__init__.py:
    id: c16897ff3009
    last_write_checksum: sha1:da077c0bdfcef64a4a5aea91a17292f72fa2b088
    pristine_git_object: 833c68cd526fe34aab2b7e7c45f974f7f4b9e120
  src/continuous/_hooks/__init__.py:
    id: 90a8bbe260aa
    last_write_checksum: sha1:e3111289afd28ad557c21d9e2f918caabfb7037d
    pristine_git_object: 2ee66cdd592fe41731c24ddd407c8ca31c50aec1
  src/continuous/_hooks/sdkhooks.py:
    id: c75610ae0149
    last_write_checksum: sha1:4001d86f06c679d1e837dd047fe862d8e7340690
    pristine_git_object: 9798593e91062c180f510975c3fd3038337b8a80
  src/continuous/_hooks/types.py:
    id: cca36b10f5e3
    last_write_checksum: sha1:af4c31cb031ddbe0bd8f7f9412382ffa45675b0f
    pristine_git_object: b69410a276bda6430c0077b7c065cceda3278699
  src/continuous/_version.py:
    id: 17542278a0df
    last_write_checksum: sha1:04feff451cf74c0976cce986c7185f071e66bcd0
    pristine_git_object: 1a0a246819884a7e4f16bac106b4f37c7e19475f
  src/continuous/basesdk.py:
    id: 7c7025a9c533
    last_write_checksum: sha1:c2195f8abe74c3f8baf5cb652679b710b838987d
    pristine_git_object: 0de1883ef4d6fd595fcfd9a606d67d6ad1996463
  src/continuous/errors/__init__.py:
    id: 521959dbf78a
    last_write_checksum: sha1:e6a6e6f2dc586fbcf0f716ba87d0066aa73080aa
    pristine_git_object: 659f52aea398bed465b5671a138fc75d1e7c0b97
  src/continuous/errors/continuousdefaulterror.py:
    id: 55132010a206
    last_write_checksum: sha1:58d3838992f1b5c5ea6501de3d75f14150fbcdea
    pristine_git_object: 275fc340126980f5d2fe8980b03601e71238d04c
  src/continuous/errors/continuouserror.py:
    id: 3a637b7a5775
    last_write_checksum: sha1:90ab2a3d8981e4660c305d87769cd4a5d3bdd5a0
    pristine_git_object: 7b7746da16376c36db7809e9517e6340cb6770e7
  src/continuous/errors/error.py:
    id: d546be1f98cc
    last_write_checksum: sha1:1498d83486738a4229e897fb75ea7979c4932951
    pristine_git_object: 7ef68bf45e3ed57440bec97a466b5cc73bba8436
  src/continuous/errors/no_response_error.py:
    id: 85921853045a
    last_write_checksum: sha1:7f326424a7d5ae1bcd5c89a0d6b3dbda9138942f
    pristine_git_object: 1deab64bc43e1e65bf3c412d326a4032ce342366
  src/continuous/errors/responsevalidationerror.py:
    id: e41fe35dc95c
    last_write_checksum: sha1:375b2dd5ad18ced858ad3abdbf9878ca37b06468
    pristine_git_object: ce282fc5ffc7ad9ae4ca9340afd9e46c90f82a03
  src/continuous/httpclient.py:
    id: 594b2ece832e
    last_write_checksum: sha1:5e55338d6ee9f01ab648cad4380201a8a3da7dd7
    pristine_git_object: 89560b566073785535643e694c112bedbd3db13d
  src/continuous/models/__init__.py:
    id: 53b8497bf08d
    last_write_checksum: sha1:ca3dfb73af17b1807a31e8aafc35035198f69324
    pristine_git_object: cbba6e1b268d8c346e5d13411c242f0178886dcd
  src/continuous/models/build_simulatorop.py:
    id: 5b877d0b3b8f
    last_write_checksum: sha1:7f28bba43c2827800b6cb3d574f9a572a65c8b6b
    pristine_git_object: b3cf74c73bfb3528d9a14b3700f87dab6ac66485
  src/continuous/models/buildsimulatorrequest.py:
    id: de11b8340ddc
    last_write_checksum: sha1:e494cf8e48e9b78185d466a01cab4f6bc663f570
    pristine_git_object: 5ccbc3e85538013e73f26baba501f12d2a71a4bf
  src/continuous/models/buildworldrequest.py:
    id: 5cb1401e40d8
    last_write_checksum: sha1:e6c12ca9a83df16cf8418fa90568c4c9de2e01ff
    pristine_git_object: ddd7d11f95d64cba9fb51272bdf5108dc0d3adf5
  src/continuous/models/cancel_simulator_buildop.py:
    id: 8988645601d3
    last_write_checksum: sha1:cc335a01282bc872d2ea2a19c2792cf07711a474
    pristine_git_object: 7a2c679c02b6644ab87e9be205a78756c3418227
  src/continuous/models/cancel_world_buildop.py:
    id: e933a9fe026c
    last_write_checksum: sha1:ced42e73ea5c5dfb8e15fe07757fc128ad562c6d
    pristine_git_object: b4ced50443c03229f0a540f25f1193a00fcc9a3f
  src/continuous/models/createdsimulation.py:
    id: 17dff98c318a
    last_write_checksum: sha1:670b07550bff8b39be719cedc3f4f6338c90ceb8
    pristine_git_object: 7fe44a48c8fbcfe0c37b3f9bff98af739e44a18a
  src/continuous/models/createsimulationrequest.py:
    id: 4841ff744b26
    last_write_checksum: sha1:2904a60764cae60045e4c3da1c187b52dcdfd2a2
    pristine_git_object: 5b140bfcec5b7ea15fa31122d65a6f968595138e
  src/continuous/models/delete_simulationop.py:
    id: 6cc6051bcd82
    last_write_checksum: sha1:b9ae88caab0f86d40da112d416ee386a2a1de3b9
    pristine_git_object: bfda8731fd238f64240acb794a869c7e2d382351
  src/continuous/models/delete_simulatorop.py:
    id: 7e26e03beccb
    last_write_checksum: sha1:823a7de87551ab2c4bc70a3d003d5f519719cb55
    pristine_git_object: b3dd0f5b6a62a0918e2cd3b28e934bf3eb93bd1c
  src/continuous/models/delete_worldop.py:
    id: 549f8b3243c3
    last_write_checksum: sha1:38123e467d8ed40c832d2c498f61f8bfe6eeb104
    pristine_git_object: 2e09988fa824d39ffee5de6d21a7aa578c9871d3
  src/continuous/models/fork_simulationop.py:
    id: 90bb3b139cc2
    last_write_checksum: sha1:db5e5b69a6cd3985d744144ff53da4b2b53636fe
    pristine_git_object: 2ecf2872d8dd56d8c91c6ad0005fcf49027f87ae
  src/continuous/models/forksimulationrequest.py:
    id: 8dea6eded598
    last_write_checksum: sha1:87b4cab75831b52d8247ff5644c7864a1107203f
    pristine_git_object: ec85f4e3a054c565a6dfa39056fcf92f5afccaf6
  src/continuous/models/get_simulationop.py:
    id: 7c3bb0fc09f6
    last_write_checksum: sha1:013bafff5dd264d575395f068c988dfab29bb454
    pristine_git_object: 845d0b78936b44c8a8c40af28b68932bc23a2b99
  src/continuous/models/get_simulatorop.py:
    id: e88f4dab93e0
    last_write_checksum: sha1:8c22b3da486869dec63f23d17e36940028ff0d7a
    pristine_git_object: 307249da3716b3ec2f35e8183e1073e8990138e1
  src/continuous/models/get_worldop.py:
    id: 07192d4bd3c0
    last_write_checksum: sha1:4e3226bcc126459c259aeb9924987b83e7b617bc
    pristine_git_object: d78cbfb2e2190046709d56f12bc52c4bcd761052
  src/continuous/models/list_simulation_stepsop.py:
    id: 7e8f9135a9ae
    last_write_checksum: sha1:32182efff113035d15d839d8354e1fc7a3ca5313
    pristine_git_object: dacb67d1d2bbd6b9b12cb34c08b23a06b2e13226
  src/continuous/models/list_simulationsop.py:
    id: fda536b60060
    last_write_checksum: sha1:cab4a5a51de6ad96d642c2a3c839a29f58fb475d
    pristine_git_object: 11eb367b15e9b10bfced3170216fb893e842b589
  src/continuous/models/list_simulatorsop.py:
    id: "622975033005"
    last_write_checksum: sha1:ea3b43eeadde651008329f08418f320dde9d5fe8
    pristine_git_object: 835094d034c76401762406efe892429b55ecc637
  src/continuous/models/list_worldsop.py:
    id: 76cfb8e0df81
    last_write_checksum: sha1:68de8150b900be4456f8f1607788dda8f8aa273b
    pristine_git_object: 119c5c34f0e77e6ac8936c6cf2f32799a57d6a20
  src/continuous/models/listsimulationsresponse.py:
    id: dced9422a376
    last_write_checksum: sha1:f8126c5e4c6573fcfe541d69b787e7729af1658c
    pristine_git_object: 7ff67b197ad5fabaf20891dd52c64b63f18ba237
  src/continuous/models/listsimulationstepsresponse.py:
    id: e3adbc0b5a1e
    last_write_checksum: sha1:a4373b7256fa7979c36806e70d3dfcb13d21b0c3
    pristine_git_object: 0cf26bad58b0896b602530703f85e3c3ea666347
  src/continuous/models/listsimulatorsresponse.py:
    id: 9a5d436a25bf
    last_write_checksum: sha1:7703ca9f6717e0afd005eb7ca1b62769a7788878
    pristine_git_object: 8ee3882fe9835ef091310987c5ff3c0269f8b36a
  src/continuous/models/listworldsresponse.py:
    id: 38fcffdfaaea
    last_write_checksum: sha1:5bd7531a7643aaa6f8e6f646820f624c827432e9
    pristine_git_object: 7965406592f2aac33d4313a09d4bc6a010aeb3a4
  src/continuous/models/mint_simulation_tokenop.py:
    id: dd3f45c6c75b
    last_write_checksum: sha1:152dbd6233b13aeb5a4b97fdcf77775a5c30b51e
    pristine_git_object: bf216a12f139fc8e4cb81f5d5b3b9b91bfd825c6
  src/continuous/models/mintsimulationtokenrequest.py:
    id: 8139d192ef67
    last_write_checksum: sha1:07dcd5f36d381de09428460797083680fae64f28
    pristine_git_object: fc52bbd3777a32488548795f83ae962dd1fba366
  src/continuous/models/resourceerror.py:
    id: c4c0d267722c
    last_write_checksum: sha1:224aa4ce5dfc3f5b76a02d5d2012a226e35d03e6
    pristine_git_object: 1d8c39e5417a924d574580fe00985091d23b52f3
  src/continuous/models/security.py:
    id: 33ba4508b704
    last_write_checksum: sha1:d49ecb22de44dbc6285143de6961ffd4504662ea
    pristine_git_object: 18ffcf0bd3b8f5eeb3ca7792b8ceddd0c06a177b
  src/continuous/models/simulation.py:
    id: 5d66d4710f62
    last_write_checksum: sha1:5f9a09aa2c40186928bd902c379173a041a3b699
    pristine_git_object: a4f5760a1f643fc81938a4efd5b93b713b1a3548
  src/continuous/models/simulationtoken.py:
    id: 06201b878474
    last_write_checksum: sha1:4a90d536a35795d1849a7996843648327e45d2d2
    pristine_git_object: d183fa83cf7da4815718dd4251d73274d17c8f78
  src/continuous/models/simulator.py:
    id: a62892295ce3
    last_write_checksum: sha1:959f66fcb759f880a1891bab325d5035411fc3f6
    pristine_git_object: fa8ff8d74f3dfaa2891de4209e980aee70ab08ed
  src/continuous/models/start_simulationop.py:
    id: 4445d5f93f9d
    last_write_checksum: sha1:0d04025a1bbb3dd931a733648e908e91798d5dfb
    pristine_git_object: 13667ca9935104b9a7f0979d771a25032758f240
  src/continuous/models/start_worldop.py:
    id: 1308d859346a
    last_write_checksum: sha1:bf14125f4f7369521a12c1c10c394921cd519544
    pristine_git_object: 565fee325f4ad3a605e08d4cea761e722313a4e3
  src/continuous/models/step.py:
    id: 48e0eaa93f1f
    last_write_checksum: sha1:3c40041062d69b176d3f02a0d3a9f004611ccc98
    pristine_git_object: 95f724092dea9da79bdb5f1fb6a3d20cde7d81e8
  src/continuous/models/stop_simulationop.py:
    id: d3c762b57062
    last_write_checksum: sha1:4e3c56cb849573e575ebe2b2cd60753ffccdf42e
    pristine_git_object: b4af34fa26f94de60d1ca62419dd18dfb75f9160
  src/continuous/models/stop_worldop.py:
    id: b70333b42a35
    last_write_checksum: sha1:4b8cc5e069c35affa953de79cbc3cd5d05a8a0b6
    pristine_git_object: 614b5e85f28b160355d55be939c5b29e03e39284
  src/continuous/models/world.py:
    id: d5b6e40ecae5
    last_write_checksum: sha1:e5d2d9bbf8768c7cac5ceb7cfd657a5002e30583
    pristine_git_object: f7aca9481068d286df5491e1e27fc68fb368ee94
  src/continuous/models/worldsimulation.py:
    id: 7f52130ac1e3
    last_write_checksum: sha1:9e49a8354b4ec82e1d87f35fb8d1679588d8b890
    pristine_git_object: 0fe43e48811c831995f5cc4d2574ee5012041850
  src/continuous/py.typed:
    id: ae9610f5e7ee
    last_write_checksum: sha1:8efc425ffe830805ffcc0f3055871bdcdc542c60
    pristine_git_object: 3e38f1a929f7d6b1d6de74604aa87e3d8f010544
  src/continuous/sdk.py:
    id: 31204b02efee
    last_write_checksum: sha1:a183e0240f9425b056821b6161bf1abad501b7bb
    pristine_git_object: 425dcdc921db985c5c04c06dc10e2162ace2fb20
  src/continuous/sdkconfiguration.py:
    id: 702ed2be51f5
    last_write_checksum: sha1:c068c945940eeeb56ec45179cc215c3780be3a8e
    pristine_git_object: 0aeeb029c5da501204fe4215cc60c55401147511
  src/continuous/simulations.py:
    id: 7cec67d30787
    last_write_checksum: sha1:d211570ccc227593d6bce1ce1d296ef52a00d30c
    pristine_git_object: f4e665175748f1434e29f02edccd3f0348cf98e1
  src/continuous/simulators.py:
    id: f782f4a769f3
    last_write_checksum: sha1:6838179832f2ac1aa0aa180c0d941c74eae87443
    pristine_git_object: 755f2c44c3df1bd6a4fe1c752121e5996b876d98
  src/continuous/types/__init__.py:
    id: c9ee84986773
    last_write_checksum: sha1:f9ad14217f832e74f594285960125add50324be9
    pristine_git_object: faa268137bc01c9d08cfadc4797017db48747a96
  src/continuous/types/base64fileinput.py:
    id: e3b12c0b127c
    last_write_checksum: sha1:1522687ae3398374c35710cad993a6e82b5ab99d
    pristine_git_object: 862566fe2b1db830276b390e136e65090e5963d2
  src/continuous/types/basemodel.py:
    id: 5e57f735eae3
    last_write_checksum: sha1:10d84aedeb9d35edfdadf2c3020caa1d24d8b584
    pristine_git_object: a9a640a1a7048736383f96c67c6290c86bf536ee
  src/continuous/utils/__init__.py:
    id: ab4a2f90428b
    last_write_checksum: sha1:527db7a6c93948ecdec6a33f56b6551ae44f0180
    pristine_git_object: c48a36ca3d6e47e384b133bc0bcb482c6d8589b9
  src/continuous/utils/annotations.py:
    id: a8a65dc46dd4
    last_write_checksum: sha1:a4824ad65f730303e4e1e3ec1febf87b4eb46dbc
    pristine_git_object: 12e0aa4f1151bb52474cc02e88397329b90703f6
  src/continuous/utils/datetimes.py:
    id: a5db77dd6f9a
    last_write_checksum: sha1:fa47d54c549ff9b95496ce91930fadfb04a36be9
    pristine_git_object: adad24762cf452d137abe94fda0fd26224cef593
  src/continuous/utils/dynamic_imports.py:
    id: 0da37030afbe
    last_write_checksum: sha1:a1940c63feb8eddfd8026de53384baf5056d5dcc
    pristine_git_object: 673edf82a97d0fea7295625d3e092ea369a36b79
  src/continuous/utils/enums.py:
    id: 45b07a43c5f9
    last_write_checksum: sha1:bc8c3c1285ae09ba8a094ee5c3d9c7f41fa1284d
    pristine_git_object: 3324e1bc2668c54c4d5f5a1a845675319757a828
  src/continuous/utils/eventstreaming.py:
    id: c4abf27b5044
    last_write_checksum: sha1:7d1dc68f8b48486ab646653aa05cc38752e1f912
    pristine_git_object: a8d4fe5cc88d3c7337339e1b36a61bbf7ca8c4eb
  src/continuous/utils/forms.py:
    id: c41c8a469cc8
    last_write_checksum: sha1:dcf527960992b8baef3b21937c7e6c4e652630c0
    pristine_git_object: 193f264960f3014c81d41543b9023c14c44c12e6
  src/continuous/utils/headers.py:
    id: b428518822f5
    last_write_checksum: sha1:7c6df233ee006332b566a8afa9ce9a245941d935
    pristine_git_object: 37864cbbbc40d1a47112bbfdd3ba79568fc8818a
  src/continuous/utils/logger.py:
    id: 0898680872cc
    last_write_checksum: sha1:e13cb74ffb16f98306627bfd8cf72b22563c3259
    pristine_git_object: 6c80b1453d22bcb8ba9378d37a5a1ac5af14e1da
  src/continuous/utils/metadata.py:
    id: ab32045a248a
    last_write_checksum: sha1:e703e5cbb5255144aacf86898d1420529afaaff8
    pristine_git_object: 5abddd588837ac297050ca3b543627faadb350a9
  src/continuous/utils/queryparams.py:
    id: 4064f822130b
    last_write_checksum: sha1:b94c3f314fd3da0d1d215afc2731f48748e2aa59
    pristine_git_object: c04e0db82b68eca041f2cb2614d748fbac80fd41
  src/continuous/utils/requestbodies.py:
    id: c02f7a581e50
    last_write_checksum: sha1:e1fef575283b7fe7fe2ad392dbbb3fb105309124
    pristine_git_object: 591415af8e64baa410627b507d2740afb5387d13
  src/continuous/utils/retries.py:
    id: 9f92241063cc
    last_write_checksum: sha1:251e4dd969bb6c06025afe1bad1b5035e94c2060
    pristine_git_object: 406c1e7c36c7a4fa4fb48bb567d254e2803e1792
  src/continuous/utils/security.py:
    id: 8a2fcebf3010
    last_write_checksum: sha1:9260ed502e998be72b5c9e1223fd76fbb69d7149
    pristine_git_object: 96447bfde25545395a8b2cd2986a7d7c7100cb69
  src/continuous/utils/serializers.py:
    id: 47c105ceaa3a
    last_write_checksum: sha1:7485f1425b0661fd84836186570df90207eec6af
    pristine_git_object: 1031ed930bad5ece220cf7416a56c29f40f0588b
  src/continuous/utils/unmarshal_json_response.py:
    id: 240ec3a63f56
    last_write_checksum: sha1:461d5497354ef19baa78795a6a3e0dd570c36cba
    pristine_git_object: 50783fe3daee732db326c87056f97e596397aa07
  src/continuous/utils/url.py:
    id: ef2685ba8f05
    last_write_checksum: sha1:6479961baa90432ca25626f8e40a7bbc32e73b41
    pristine_git_object: c78ccbae426ce6d385709d97ce0b1c2813ea2418
  src/continuous/utils/values.py:
    id: 7e803fdb3b50
    last_write_checksum: sha1:65e1ee8607767a4fc1ae7a55c74d77a23ab3cef1
    pristine_git_object: ac217f473c5d52a454a2979b3eb35e66175d365c
  src/continuous/worlds.py:
    id: 3a95487cb08c
    last_write_checksum: sha1:6fabfe27992b40b3e9b5e05c64c8312ab8029239
    pristine_git_object: ecd8217adef3d5619045381fcaed53b9dd5fc3aa
examples:
  list-simulations:
    bad_request:
      parameters:
        query:
          limit: 50
      responses:
        "400":
          application/problem+json: {"code": "bad_request", "detail": "The cursor is invalid."}
        "500":
          application/problem+json: {"code": "bad_request", "detail": "The cursor is invalid."}
    simulator_unknown:
      parameters:
        query:
          limit: 50
      responses:
        "400":
          application/problem+json: {"code": "simulator_unknown", "detail": "No Simulator was found with ID \"smr_01J8Z5X4K7M2N9P0Q1R2S3T4V5\"."}
        "500":
          application/problem+json: {"code": "simulator_unknown", "detail": "No Simulator was found with ID \"smr_01J8Z5X4K7M2N9P0Q1R2S3T4V5\"."}
    speakeasy-default-list-simulations:
      parameters:
        query:
          limit: 50
      responses:
        "200":
          application/json: {"next_cursor": "<value>", "simulations": [{"created_at": "2026-01-15T12:00:00Z", "endpoint": "https://api.continuouslabs.ai/sim/sim_01J8Z5X4K7M2N9P0Q1R2S3T4V6", "id": "sim_01J8Z5X4K7M2N9P0Q1R2S3T4V6", "name": "billing-sandbox", "parent_id": "sim_01J8Z5X4K7M2N9P0Q1R2S3T4V8", "simulator_id": "smr_01J8Z5X4K7M2N9P0Q1R2S3T4V5", "status": "running"}]}
        "400":
          application/problem+json: {"code": "<value>", "detail": "<value>"}
        "500":
          application/problem+json: {"code": "<value>", "detail": "<value>"}
  create-simulation:
    simulator_unknown:
      requestBody:
        application/json: {"name": "billing-sandbox", "simulator_id": "smr_01J8Z5X4K7M2N9P0Q1R2S3T4V5"}
      responses:
        "400":
          application/problem+json: {"code": "simulator_unknown", "detail": "No Simulator was found with ID \"smr_01J8Z5X4K7M2N9P0Q1R2S3T4V5\"."}
        "500":
          application/problem+json: {"code": "simulator_unknown", "detail": "No Simulator was found with ID \"smr_01J8Z5X4K7M2N9P0Q1R2S3T4V5\"."}
    speakeasy-default-create-simulation:
      requestBody:
        application/json: {"name": "billing-sandbox", "simulator_id": "smr_01J8Z5X4K7M2N9P0Q1R2S3T4V5"}
      responses:
        "201":
          application/json: {"created_at": "2026-01-15T12:00:00Z", "endpoint": "https://api.continuouslabs.ai/sim/sim_01J8Z5X4K7M2N9P0Q1R2S3T4V6", "expires_at": "2026-01-15T13:00:00Z", "id": "sim_01J8Z5X4K7M2N9P0Q1R2S3T4V6", "name": "billing-sandbox", "parent_id": "sim_01J8Z5X4K7M2N9P0Q1R2S3T4V8", "simulator_id": "smr_01J8Z5X4K7M2N9P0Q1R2S3T4V5", "status": "running", "token": "<redacted>"}
        "400":
          application/problem+json: {"code": "<value>", "detail": "<value>"}
        "500":
          application/problem+json: {"code": "<value>", "detail": "<value>"}
  delete-simulation:
    speakeasy-default-delete-simulation:
      parameters:
        path:
          id: "<id>"
      responses:
        "400":
          application/problem+json: {"code": "<value>", "detail": "<value>"}
        "500":
          application/problem+json: {"code": "<value>", "detail": "<value>"}
  get-simulation:
    speakeasy-default-get-simulation:
      parameters:
        path:
          id: "<id>"
      responses:
        "200":
          application/json: {"created_at": "2026-01-15T12:00:00Z", "endpoint": "https://api.continuouslabs.ai/sim/sim_01J8Z5X4K7M2N9P0Q1R2S3T4V6", "id": "sim_01J8Z5X4K7M2N9P0Q1R2S3T4V6", "name": "billing-sandbox", "parent_id": "sim_01J8Z5X4K7M2N9P0Q1R2S3T4V8", "simulator_id": "smr_01J8Z5X4K7M2N9P0Q1R2S3T4V5", "status": "running"}
        "400":
          application/problem+json: {"code": "<value>", "detail": "<value>"}
        "500":
          application/problem+json: {"code": "<value>", "detail": "<value>"}
  fork-simulation:
    speakeasy-default-fork-simulation:
      parameters:
        path:
          id: "<id>"
      requestBody:
        application/json: {"at_step": 42, "name": "billing-fork"}
      responses:
        "201":
          application/json: {"created_at": "2026-01-15T12:00:00Z", "endpoint": "https://api.continuouslabs.ai/sim/sim_01J8Z5X4K7M2N9P0Q1R2S3T4V6", "expires_at": "2026-01-15T13:00:00Z", "id": "sim_01J8Z5X4K7M2N9P0Q1R2S3T4V6", "name": "billing-sandbox", "parent_id": "sim_01J8Z5X4K7M2N9P0Q1R2S3T4V8", "simulator_id": "smr_01J8Z5X4K7M2N9P0Q1R2S3T4V5", "status": "running", "token": "<redacted>"}
        "400":
          application/problem+json: {"code": "<value>", "detail": "<value>"}
        "500":
          application/problem+json: {"code": "<value>", "detail": "<value>"}
  start-simulation:
    speakeasy-default-start-simulation:
      parameters:
        path:
          id: "<id>"
      responses:
        "200":
          application/json: {"created_at": "2026-01-15T12:00:00Z", "endpoint": "https://api.continuouslabs.ai/sim/sim_01J8Z5X4K7M2N9P0Q1R2S3T4V6", "id": "sim_01J8Z5X4K7M2N9P0Q1R2S3T4V6", "name": "billing-sandbox", "parent_id": "sim_01J8Z5X4K7M2N9P0Q1R2S3T4V8", "simulator_id": "smr_01J8Z5X4K7M2N9P0Q1R2S3T4V5", "status": "running"}
        "400":
          application/problem+json: {"code": "<value>", "detail": "<value>"}
        "500":
          application/problem+json: {"code": "<value>", "detail": "<value>"}
  list-simulation-steps:
    bad_request:
      parameters:
        path:
          id: "<id>"
        query:
          limit: 50
      responses:
        "400":
          application/problem+json: {"code": "bad_request", "detail": "The cursor is invalid."}
        "500":
          application/problem+json: {"code": "bad_request", "detail": "The cursor is invalid."}
    speakeasy-default-list-simulation-steps:
      parameters:
        path:
          id: "<id>"
        query:
          limit: 50
      responses:
        "200":
          application/json: {"next_cursor": "<value>", "steps": [{"label": "<value>", "step": 499364}]}
        "400":
          application/problem+json: {"code": "<value>", "detail": "<value>"}
        "500":
          application/problem+json: {"code": "<value>", "detail": "<value>"}
  stop-simulation:
    speakeasy-default-stop-simulation:
      parameters:
        path:
          id: "<id>"
      responses:
        "200":
          application/json: {"created_at": "2026-01-15T12:00:00Z", "endpoint": "https://api.continuouslabs.ai/sim/sim_01J8Z5X4K7M2N9P0Q1R2S3T4V6", "id": "sim_01J8Z5X4K7M2N9P0Q1R2S3T4V6", "name": "billing-sandbox", "parent_id": "sim_01J8Z5X4K7M2N9P0Q1R2S3T4V8", "simulator_id": "smr_01J8Z5X4K7M2N9P0Q1R2S3T4V5", "status": "running"}
        "400":
          application/problem+json: {"code": "<value>", "detail": "<value>"}
        "500":
          application/problem+json: {"code": "<value>", "detail": "<value>"}
  mint-simulation-token:
    speakeasy-default-mint-simulation-token:
      parameters:
        path:
          id: "<id>"
      requestBody:
        application/json: {"ttl_seconds": 3600}
      responses:
        "200":
          application/json: {"expires_at": "2026-01-15T13:00:00Z", "token": "<redacted>"}
        "400":
          application/problem+json: {"code": "<value>", "detail": "<value>"}
        "500":
          application/problem+json: {"code": "<value>", "detail": "<value>"}
  list-simulators:
    bad_request:
      parameters:
        query:
          limit: 50
      responses:
        "400":
          application/problem+json: {"code": "bad_request", "detail": "The cursor is invalid."}
        "500":
          application/problem+json: {"code": "bad_request", "detail": "The cursor is invalid."}
    speakeasy-default-list-simulators:
      parameters:
        query:
          limit: 50
      responses:
        "200":
          application/json: {"next_cursor": "<value>", "simulators": [{"created_at": "2026-01-15T12:00:00Z", "error": null, "id": "smr_01J8Z5X4K7M2N9P0Q1R2S3T4V5", "name": "billing-api", "parent_id": "smr_01J8Z5X4K7M2N9P0Q1R2S3T4V9", "source": "workspace", "status": "building"}]}
        "400":
          application/problem+json: {"code": "<value>", "detail": "<value>"}
        "500":
          application/problem+json: {"code": "<value>", "detail": "<value>"}
  build-simulator:
    simulator_unknown_parent:
      requestBody:
        multipart/form-data: {"request": {"builder": "claude", "filter": [], "instructions": "Return stable example data for every operation.", "name": "billing-api", "spec_kind": "openapi"}}
      responses:
        "400":
          application/problem+json: {"code": "simulator_unknown", "detail": "No Simulator was found with ID \"smr_01J8Z5X4K7M2N9P0Q1R2S3T4V5\"."}
        "500":
          application/problem+json: {"code": "simulator_unknown", "detail": "No Simulator was found with ID \"smr_01J8Z5X4K7M2N9P0Q1R2S3T4V5\"."}
    speakeasy-default-build-simulator:
      requestBody:
        multipart/form-data: {"request": {"builder": "claude", "filter": [], "instructions": "Return stable example data for every operation.", "name": "billing-api", "spec_kind": "openapi"}}
      responses:
        "202":
          application/json: {"created_at": "2026-01-15T12:00:00Z", "error": null, "id": "smr_01J8Z5X4K7M2N9P0Q1R2S3T4V5", "name": "billing-api", "parent_id": "smr_01J8Z5X4K7M2N9P0Q1R2S3T4V9", "source": "workspace", "status": "building"}
        "400":
          application/problem+json: {"code": "<value>", "detail": "<value>"}
        "500":
          application/problem+json: {"code": "<value>", "detail": "<value>"}
  delete-simulator:
    speakeasy-default-delete-simulator:
      parameters:
        path:
          id: "<id>"
      responses:
        "400":
          application/problem+json: {"code": "<value>", "detail": "<value>"}
        "500":
          application/problem+json: {"code": "<value>", "detail": "<value>"}
  get-simulator:
    speakeasy-default-get-simulator:
      parameters:
        path:
          id: "<id>"
      responses:
        "200":
          application/json: {"created_at": "2026-01-15T12:00:00Z", "error": null, "id": "smr_01J8Z5X4K7M2N9P0Q1R2S3T4V5", "name": "billing-api", "parent_id": "smr_01J8Z5X4K7M2N9P0Q1R2S3T4V9", "source": "workspace", "status": "building"}
        "400":
          application/problem+json: {"code": "<value>", "detail": "<value>"}
        "500":
          application/problem+json: {"code": "<value>", "detail": "<value>"}
  cancel-simulator-build:
    speakeasy-default-cancel-simulator-build:
      parameters:
        path:
          id: "<id>"
      responses:
        "200":
          application/json: {"created_at": "2026-01-15T12:00:00Z", "error": null, "id": "smr_01J8Z5X4K7M2N9P0Q1R2S3T4V5", "name": "billing-api", "parent_id": "smr_01J8Z5X4K7M2N9P0Q1R2S3T4V9", "source": "workspace", "status": "building"}
        "400":
          application/problem+json: {"code": "<value>", "detail": "<value>"}
        "500":
          application/problem+json: {"code": "<value>", "detail": "<value>"}
  list-worlds:
    bad_request:
      parameters:
        query:
          limit: 50
      responses:
        "400":
          application/problem+json: {"code": "bad_request", "detail": "The cursor is invalid."}
        "500":
          application/problem+json: {"code": "bad_request", "detail": "The cursor is invalid."}
    speakeasy-default-list-worlds:
      parameters:
        query:
          limit: 50
      responses:
        "200":
          application/json: {"next_cursor": "<value>", "worlds": [{"created_at": "2026-01-15T12:00:00Z", "error": null, "id": "wld_01J8Z5X4K7M2N9P0Q1R2S3T4V7", "instructions": "Use stable example data for each Simulator.", "simulations": [], "simulators": ["smr_01J8Z5X4K7M2N9P0Q1R2S3T4V5"], "status": "building"}]}
        "400":
          application/problem+json: {"code": "<value>", "detail": "<value>"}
        "500":
          application/problem+json: {"code": "<value>", "detail": "<value>"}
  build-world:
    simulator_unknown:
      requestBody:
        application/json: {"instructions": "Use stable example data for each Simulator.", "simulators": ["smr_01J8Z5X4K7M2N9P0Q1R2S3T4V5"]}
      responses:
        "400":
          application/problem+json: {"code": "simulator_unknown", "detail": "No Simulator was found with ID \"smr_01J8Z5X4K7M2N9P0Q1R2S3T4V5\"."}
        "500":
          application/problem+json: {"code": "simulator_unknown", "detail": "No Simulator was found with ID \"smr_01J8Z5X4K7M2N9P0Q1R2S3T4V5\"."}
    speakeasy-default-build-world:
      requestBody:
        application/json: {"instructions": "Use stable example data for each Simulator.", "simulators": ["smr_01J8Z5X4K7M2N9P0Q1R2S3T4V5"]}
      responses:
        "202":
          application/json: {"created_at": "2026-01-15T12:00:00Z", "error": null, "id": "wld_01J8Z5X4K7M2N9P0Q1R2S3T4V7", "instructions": "Use stable example data for each Simulator.", "simulations": [], "simulators": ["smr_01J8Z5X4K7M2N9P0Q1R2S3T4V5"], "status": "building"}
        "400":
          application/problem+json: {"code": "<value>", "detail": "<value>"}
        "500":
          application/problem+json: {"code": "<value>", "detail": "<value>"}
  delete-world:
    speakeasy-default-delete-world:
      parameters:
        path:
          id: "<id>"
      responses:
        "400":
          application/problem+json: {"code": "<value>", "detail": "<value>"}
        "500":
          application/problem+json: {"code": "<value>", "detail": "<value>"}
  get-world:
    speakeasy-default-get-world:
      parameters:
        path:
          id: "<id>"
      responses:
        "200":
          application/json: {"created_at": "2026-01-15T12:00:00Z", "error": null, "id": "wld_01J8Z5X4K7M2N9P0Q1R2S3T4V7", "instructions": "Use stable example data for each Simulator.", "simulations": [], "simulators": ["smr_01J8Z5X4K7M2N9P0Q1R2S3T4V5"], "status": "building"}
        "400":
          application/problem+json: {"code": "<value>", "detail": "<value>"}
        "500":
          application/problem+json: {"code": "<value>", "detail": "<value>"}
  cancel-world-build:
    speakeasy-default-cancel-world-build:
      parameters:
        path:
          id: "<id>"
      responses:
        "200":
          application/json: {"created_at": "2026-01-15T12:00:00Z", "error": null, "id": "wld_01J8Z5X4K7M2N9P0Q1R2S3T4V7", "instructions": "Use stable example data for each Simulator.", "simulations": [], "simulators": ["smr_01J8Z5X4K7M2N9P0Q1R2S3T4V5"], "status": "building"}
        "400":
          application/problem+json: {"code": "<value>", "detail": "<value>"}
        "500":
          application/problem+json: {"code": "<value>", "detail": "<value>"}
  start-world:
    speakeasy-default-start-world:
      parameters:
        path:
          id: "<id>"
      responses:
        "200":
          application/json: {"created_at": "2026-01-15T12:00:00Z", "error": null, "id": "wld_01J8Z5X4K7M2N9P0Q1R2S3T4V7", "instructions": "Use stable example data for each Simulator.", "simulations": [], "simulators": ["smr_01J8Z5X4K7M2N9P0Q1R2S3T4V5"], "status": "building"}
        "400":
          application/problem+json: {"code": "<value>", "detail": "<value>"}
        "500":
          application/problem+json: {"code": "<value>", "detail": "<value>"}
  stop-world:
    speakeasy-default-stop-world:
      parameters:
        path:
          id: "<id>"
      responses:
        "200":
          application/json: {"created_at": "2026-01-15T12:00:00Z", "error": null, "id": "wld_01J8Z5X4K7M2N9P0Q1R2S3T4V7", "instructions": "Use stable example data for each Simulator.", "simulations": [], "simulators": ["smr_01J8Z5X4K7M2N9P0Q1R2S3T4V5"], "status": "building"}
        "400":
          application/problem+json: {"code": "<value>", "detail": "<value>"}
        "500":
          application/problem+json: {"code": "<value>", "detail": "<value>"}
examplesVersion: 1.0.2
