speakeasyVersion: 1.796.4
sources:
    ContinuousSimulation-OAS:
        sourceNamespace: continuous-simulation
        sourceRevisionDigest: sha256:4c417777143926ee34edb54cf5d52fa4c34692b9ebdde0fd834153f87f631e8e
        sourceBlobDigest: sha256:9a72676ce4c321324d8c8aee63ba41a2b870e4d2687afb40f559e8f7f9ec1787
        tags:
            - latest
    continuous-simulation:
        sourceNamespace: continuous-simulation
        sourceRevisionDigest: sha256:af459395f3f1d9e7e3ea2569fcda84314ffa67bb0760eaf8180e4eef68081bc2
        sourceBlobDigest: sha256:170eba6de3f14c4df1a17f756a807d02e9660051cccef3a0358e86665a0ccffb
        tags:
            - latest
targets:
    continuous-python:
        source: continuous-simulation
        sourceNamespace: continuous-simulation
        sourceRevisionDigest: sha256:af459395f3f1d9e7e3ea2569fcda84314ffa67bb0760eaf8180e4eef68081bc2
        sourceBlobDigest: sha256:170eba6de3f14c4df1a17f756a807d02e9660051cccef3a0358e86665a0ccffb
        codeSamplesNamespace: continuous-python-code-samples
        codeSamplesRevisionDigest: sha256:a49d2cc4e52b00bbc27a09f3b14ed40bf85b2b2a2673bf18e36f76c9b43839af
    continuous-simulation:
        source: ContinuousSimulation-OAS
        sourceNamespace: continuous-simulation
        sourceRevisionDigest: sha256:4c417777143926ee34edb54cf5d52fa4c34692b9ebdde0fd834153f87f631e8e
        sourceBlobDigest: sha256:9a72676ce4c321324d8c8aee63ba41a2b870e4d2687afb40f559e8f7f9ec1787
        codeSamplesNamespace: continuous-simulation-oas-python-code-samples
        codeSamplesRevisionDigest: sha256:bf2daad291cfc9fc98b82f480d344bcc6a96958abc9b7fec69e8ecf8b45b62dc
    continuous-simulation-python:
        source: continuous-simulation
        sourceNamespace: continuous-simulation
        sourceRevisionDigest: sha256:4c417777143926ee34edb54cf5d52fa4c34692b9ebdde0fd834153f87f631e8e
        sourceBlobDigest: sha256:9a72676ce4c321324d8c8aee63ba41a2b870e4d2687afb40f559e8f7f9ec1787
        codeSamplesNamespace: continuous-simulation-python-code-samples
        codeSamplesRevisionDigest: sha256:ce2f60c067ab42f91cba64bb09ae4b327a6d9b3929894665b0aead7dcf53d758
workflow:
    workflowVersion: 1.0.0
    speakeasyVersion: 1.796.4
    sources:
        continuous-simulation:
            inputs:
                - location: registry.speakeasyapi.dev/continuous/continuous/continuous-simulation@main
            output: .speakeasy/out.openapi.yaml
    targets:
        continuous-python:
            target: python
            source: continuous-simulation
            publish:
                pypi:
                    useTrustedPublishing: true
            codeSamples:
                registry:
                    location: registry.speakeasyapi.dev/continuous/continuous/continuous-python-code-samples
                blocking: false
